
Microsoft Visual Studio Solution File, Format Version 12.00
# Visual Studio Version 16
VisualStudioVersion = 16.0.31129.286
MinimumVisualStudioVersion = 10.0.40219.1
Project("{FAE04EC0-301F-11D3-BF4B-00C04F79EFBC}") = "MidnaHelmetHelperWPF", "MidnaHelmetHelperWPF\MidnaHelmetHelperWPF.csproj", "{677272B9-FAA3-477E-BAC8-F5F5E0B73738}"
EndProject
Global
	GlobalSection(SolutionConfigurationPlatforms) = preSolution
		Debug|Any CPU = Debug|Any CPU
		Release|Any CPU = Release|Any CPU
	EndGlobalSection
	GlobalSection(ProjectConfigurationPlatforms) = postSolution
		{677272B9-FAA3-477E-BAC8-F5F5E0B73738}.Debug|Any CPU.ActiveCfg = Debug|Any CPU
		{677272B9-FAA3-477E-BAC8-F5F5E0B73738}.Debug|Any CPU.Build.0 = Debug|Any CPU
		{677272B9-FAA3-477E-BAC8-F5F5E0B73738}.Release|Any CPU.ActiveCfg = Release|Any CPU
		{677272B9-FAA3-477E-BAC8-F5F5E0B73738}.Release|Any CPU.Build.0 = Release|Any CPU
	EndGlobalSection
	GlobalSection(SolutionProperties) = preSolution
		HideSolutionNode = FALSE
	EndGlobalSection
	GlobalSection(ExtensibilityGlobals) = postSolution
		SolutionGuid = {37DE6937-F66D-436E-8527-CA88BD7A93D4}
	EndGlobalSection
EndGlobal
